// !$*UTF8*$!
{
	archiveVersion = 1;
	classes = {
	};
	objectVersion = 48;
	objects = {

/* Begin PBXBuildFile section */
		C91EB1FA1FD4233B00F1B53B /* PhotoDetailViewController.swift in Sources */ = {isa = PBXBuildFile; fileRef = C91EB1F91FD4233B00F1B53B /* PhotoDetailViewController.swift */; };
		C91EB1FC1FD4237000F1B53B /* PhotoDetailController.swift in Sources */ = {isa = PBXBuildFile; fileRef = C91EB1FB1FD4237000F1B53B /* PhotoDetailController.swift */; };
		C91EB1FE1FD5969800F1B53B /* Task.swift in Sources */ = {isa = PBXBuildFile; fileRef = C91EB1FD1FD5969800F1B53B /* Task.swift */; };
		C91EB2001FD5A00E00F1B53B /* Session.swift in Sources */ = {isa = PBXBuildFile; fileRef = C91EB1FF1FD5A00E00F1B53B /* Session.swift */; };
		C91EB2021FD5A17000F1B53B /* Result.swift in Sources */ = {isa = PBXBuildFile; fileRef = C91EB2011FD5A17000F1B53B /* Result.swift */; };
		C923CDA81FD5C20000BA9BBC /* Keys.plist in Resources */ = {isa = PBXBuildFile; fileRef = C923CDA71FD5C20000BA9BBC /* Keys.plist */; };
		C923CDAA1FD5C27E00BA9BBC /* APIKeys.swift in Sources */ = {isa = PBXBuildFile; fileRef = C923CDA91FD5C27E00BA9BBC /* APIKeys.swift */; };
		C923CDAD1FD6936C00BA9BBC /* Localizable.strings in Resources */ = {isa = PBXBuildFile; fileRef = C923CDAC1FD6936C00BA9BBC /* Localizable.strings */; };
		C923CDAF1FD6944100BA9BBC /* String+Extension.swift in Sources */ = {isa = PBXBuildFile; fileRef = C923CDAE1FD6944100BA9BBC /* String+Extension.swift */; };
		C923CDB11FD6976700BA9BBC /* GetPopularPhotos.json in Resources */ = {isa = PBXBuildFile; fileRef = C923CDB01FD6976700BA9BBC /* GetPopularPhotos.json */; };
		C923CDB71FD69F8500BA9BBC /* ProximaNova-Bold.otf in Resources */ = {isa = PBXBuildFile; fileRef = C923CDB31FD69F8400BA9BBC /* ProximaNova-Bold.otf */; };
		C923CDB81FD69F8500BA9BBC /* ProximaNova-Light.otf in Resources */ = {isa = PBXBuildFile; fileRef = C923CDB41FD69F8400BA9BBC /* ProximaNova-Light.otf */; };
		C923CDB91FD69F8500BA9BBC /* ProximaNova-Regular.otf in Resources */ = {isa = PBXBuildFile; fileRef = C923CDB51FD69F8400BA9BBC /* ProximaNova-Regular.otf */; };
		C923CDBA1FD69F8500BA9BBC /* ProximaNova-Semibold.otf in Resources */ = {isa = PBXBuildFile; fileRef = C923CDB61FD69F8400BA9BBC /* ProximaNova-Semibold.otf */; };
		C923CDBC1FD6A03500BA9BBC /* Components.swift in Sources */ = {isa = PBXBuildFile; fileRef = C923CDBB1FD6A03500BA9BBC /* Components.swift */; };
		C942DBD41FCD7599000D48C6 /* AppDelegate.swift in Sources */ = {isa = PBXBuildFile; fileRef = C942DBD31FCD7599000D48C6 /* AppDelegate.swift */; };
		C942DBD91FCD7599000D48C6 /* Main.storyboard in Resources */ = {isa = PBXBuildFile; fileRef = C942DBD71FCD7599000D48C6 /* Main.storyboard */; };
		C942DBDC1FCD7599000D48C6 /* PhotoFinder.xcdatamodeld in Sources */ = {isa = PBXBuildFile; fileRef = C942DBDA1FCD7599000D48C6 /* PhotoFinder.xcdatamodeld */; };
		C942DBDE1FCD7599000D48C6 /* Assets.xcassets in Resources */ = {isa = PBXBuildFile; fileRef = C942DBDD1FCD7599000D48C6 /* Assets.xcassets */; };
		C942DBE11FCD7599000D48C6 /* LaunchScreen.storyboard in Resources */ = {isa = PBXBuildFile; fileRef = C942DBDF1FCD7599000D48C6 /* LaunchScreen.storyboard */; };
		C942DBEB1FCD7706000D48C6 /* PhotosListViewController.swift in Sources */ = {isa = PBXBuildFile; fileRef = C942DBEA1FCD7706000D48C6 /* PhotosListViewController.swift */; };
		C942DBF11FCD7849000D48C6 /* PhotosListController.swift in Sources */ = {isa = PBXBuildFile; fileRef = C942DBF01FCD7849000D48C6 /* PhotosListController.swift */; };
		C942DBF31FCDA4CE000D48C6 /* ImageCollectionViewCell.swift in Sources */ = {isa = PBXBuildFile; fileRef = C942DBF21FCDA4CE000D48C6 /* ImageCollectionViewCell.swift */; };
		C942DC2F1FCEB748000D48C6 /* PhotoResponseModel.swift in Sources */ = {isa = PBXBuildFile; fileRef = C942DC2E1FCEB748000D48C6 /* PhotoResponseModel.swift */; };
		C942DC311FCEB9A7000D48C6 /* UserResponseModel.swift in Sources */ = {isa = PBXBuildFile; fileRef = C942DC301FCEB9A7000D48C6 /* UserResponseModel.swift */; };
		C942DC331FCEBA46000D48C6 /* PhotoUrlResponseModel.swift in Sources */ = {isa = PBXBuildFile; fileRef = C942DC321FCEBA46000D48C6 /* PhotoUrlResponseModel.swift */; };
		C942DC361FCEBDCD000D48C6 /* GetPhotosByKeyword.json in Resources */ = {isa = PBXBuildFile; fileRef = C942DC351FCEBDCD000D48C6 /* GetPhotosByKeyword.json */; };
		C942DC381FCEC8BC000D48C6 /* PhotosContainerResponseModel.swift in Sources */ = {isa = PBXBuildFile; fileRef = C942DC371FCEC8BC000D48C6 /* PhotosContainerResponseModel.swift */; };
		C942DC3A1FCECA96000D48C6 /* RepositoryFactory.swift in Sources */ = {isa = PBXBuildFile; fileRef = C942DC391FCECA96000D48C6 /* RepositoryFactory.swift */; };
		C942DC3C1FCECAAF000D48C6 /* RepositoryProtocol.swift in Sources */ = {isa = PBXBuildFile; fileRef = C942DC3B1FCECAAF000D48C6 /* RepositoryProtocol.swift */; };
		C942DC3F1FCECB54000D48C6 /* Configuration.swift in Sources */ = {isa = PBXBuildFile; fileRef = C942DC3E1FCECB54000D48C6 /* Configuration.swift */; };
		C942DC411FCED0F0000D48C6 /* RepositoryMock.swift in Sources */ = {isa = PBXBuildFile; fileRef = C942DC401FCED0F0000D48C6 /* RepositoryMock.swift */; };
		C942DC431FCED114000D48C6 /* Repository.swift in Sources */ = {isa = PBXBuildFile; fileRef = C942DC421FCED114000D48C6 /* Repository.swift */; };
		C942DC471FCEF501000D48C6 /* ServiceError.swift in Sources */ = {isa = PBXBuildFile; fileRef = C942DC461FCEF501000D48C6 /* ServiceError.swift */; };
		C942DC4A1FCEFFA9000D48C6 /* PhotoViewModel.swift in Sources */ = {isa = PBXBuildFile; fileRef = C942DC491FCEFFA9000D48C6 /* PhotoViewModel.swift */; };
		C942DC4C1FCF0268000D48C6 /* PhotosContainerViewModel.swift in Sources */ = {isa = PBXBuildFile; fileRef = C942DC4B1FCF0268000D48C6 /* PhotosContainerViewModel.swift */; };
		C9F2647C1FCF1D8A0038582F /* UIImageView+Extension.swift in Sources */ = {isa = PBXBuildFile; fileRef = C9F2647B1FCF1D8A0038582F /* UIImageView+Extension.swift */; };
/* End PBXBuildFile section */

/* Begin PBXFileReference section */
		C91EB1F91FD4233B00F1B53B /* PhotoDetailViewController.swift */ = {isa = PBXFileReference; lastKnownFileType = sourcecode.swift; path = PhotoDetailViewController.swift; sourceTree = "<group>"; };
		C91EB1FB1FD4237000F1B53B /* PhotoDetailController.swift */ = {isa = PBXFileReference; lastKnownFileType = sourcecode.swift; path = PhotoDetailController.swift; sourceTree = "<group>"; };
		C91EB1FD1FD5969800F1B53B /* Task.swift */ = {isa = PBXFileReference; lastKnownFileType = sourcecode.swift; path = Task.swift; sourceTree = "<group>"; };
		C91EB1FF1FD5A00E00F1B53B /* Session.swift */ = {isa = PBXFileReference; lastKnownFileType = sourcecode.swift; path = Session.swift; sourceTree = "<group>"; };
		C91EB2011FD5A17000F1B53B /* Result.swift */ = {isa = PBXFileReference; lastKnownFileType = sourcecode.swift; path = Result.swift; sourceTree = "<group>"; };
		C923CDA71FD5C20000BA9BBC /* Keys.plist */ = {isa = PBXFileReference; lastKnownFileType = text.plist.xml; path = Keys.plist; sourceTree = "<group>"; };
		C923CDA91FD5C27E00BA9BBC /* APIKeys.swift */ = {isa = PBXFileReference; lastKnownFileType = sourcecode.swift; path = APIKeys.swift; sourceTree = "<group>"; };
		C923CDAC1FD6936C00BA9BBC /* Localizable.strings */ = {isa = PBXFileReference; lastKnownFileType = text.plist.strings; path = Localizable.strings; sourceTree = "<group>"; };
		C923CDAE1FD6944100BA9BBC /* String+Extension.swift */ = {isa = PBXFileReference; lastKnownFileType = sourcecode.swift; path = "String+Extension.swift"; sourceTree = "<group>"; };
		C923CDB01FD6976700BA9BBC /* GetPopularPhotos.json */ = {isa = PBXFileReference; fileEncoding = 4; lastKnownFileType = text.json; path = GetPopularPhotos.json; sourceTree = "<group>"; };
		C923CDB31FD69F8400BA9BBC /* ProximaNova-Bold.otf */ = {isa = PBXFileReference; lastKnownFileType = file; path = "ProximaNova-Bold.otf"; sourceTree = "<group>"; };
		C923CDB41FD69F8400BA9BBC /* ProximaNova-Light.otf */ = {isa = PBXFileReference; lastKnownFileType = file; path = "ProximaNova-Light.otf"; sourceTree = "<group>"; };
		C923CDB51FD69F8400BA9BBC /* ProximaNova-Regular.otf */ = {isa = PBXFileReference; lastKnownFileType = file; path = "ProximaNova-Regular.otf"; sourceTree = "<group>"; };
		C923CDB61FD69F8400BA9BBC /* ProximaNova-Semibold.otf */ = {isa = PBXFileReference; lastKnownFileType = file; path = "ProximaNova-Semibold.otf"; sourceTree = "<group>"; };
		C923CDBB1FD6A03500BA9BBC /* Components.swift */ = {isa = PBXFileReference; lastKnownFileType = sourcecode.swift; path = Components.swift; sourceTree = "<group>"; };
		C942DBD01FCD7599000D48C6 /* PhotoFinder.app */ = {isa = PBXFileReference; explicitFileType = wrapper.application; includeInIndex = 0; path = PhotoFinder.app; sourceTree = BUILT_PRODUCTS_DIR; };
		C942DBD31FCD7599000D48C6 /* AppDelegate.swift */ = {isa = PBXFileReference; lastKnownFileType = sourcecode.swift; path = AppDelegate.swift; sourceTree = "<group>"; };
		C942DBD81FCD7599000D48C6 /* Base */ = {isa = PBXFileReference; lastKnownFileType = file.storyboard; name = Base; path = Base.lproj/Main.storyboard; sourceTree = "<group>"; };
		C942DBDB1FCD7599000D48C6 /* PhotoFinder.xcdatamodel */ = {isa = PBXFileReference; lastKnownFileType = wrapper.xcdatamodel; path = PhotoFinder.xcdatamodel; sourceTree = "<group>"; };
		C942DBDD1FCD7599000D48C6 /* Assets.xcassets */ = {isa = PBXFileReference; lastKnownFileType = folder.assetcatalog; path = Assets.xcassets; sourceTree = "<group>"; };
		C942DBE01FCD7599000D48C6 /* Base */ = {isa = PBXFileReference; lastKnownFileType = file.storyboard; name = Base; path = Base.lproj/LaunchScreen.storyboard; sourceTree = "<group>"; };
		C942DBE21FCD7599000D48C6 /* Info.plist */ = {isa = PBXFileReference; lastKnownFileType = text.plist.xml; path = Info.plist; sourceTree = "<group>"; };
		C942DBEA1FCD7706000D48C6 /* PhotosListViewController.swift */ = {isa = PBXFileReference; lastKnownFileType = sourcecode.swift; path = PhotosListViewController.swift; sourceTree = "<group>"; };
		C942DBF01FCD7849000D48C6 /* PhotosListController.swift */ = {isa = PBXFileReference; lastKnownFileType = sourcecode.swift; path = PhotosListController.swift; sourceTree = "<group>"; };
		C942DBF21FCDA4CE000D48C6 /* ImageCollectionViewCell.swift */ = {isa = PBXFileReference; lastKnownFileType = sourcecode.swift; path = ImageCollectionViewCell.swift; sourceTree = "<group>"; };
		C942DC2E1FCEB748000D48C6 /* PhotoResponseModel.swift */ = {isa = PBXFileReference; lastKnownFileType = sourcecode.swift; path = PhotoResponseModel.swift; sourceTree = "<group>"; };
		C942DC301FCEB9A7000D48C6 /* UserResponseModel.swift */ = {isa = PBXFileReference; lastKnownFileType = sourcecode.swift; path = UserResponseModel.swift; sourceTree = "<group>"; };
		C942DC321FCEBA46000D48C6 /* PhotoUrlResponseModel.swift */ = {isa = PBXFileReference; lastKnownFileType = sourcecode.swift; path = PhotoUrlResponseModel.swift; sourceTree = "<group>"; };
		C942DC351FCEBDCD000D48C6 /* GetPhotosByKeyword.json */ = {isa = PBXFileReference; fileEncoding = 4; lastKnownFileType = text.json; path = GetPhotosByKeyword.json; sourceTree = "<group>"; };
		C942DC371FCEC8BC000D48C6 /* PhotosContainerResponseModel.swift */ = {isa = PBXFileReference; lastKnownFileType = sourcecode.swift; path = PhotosContainerResponseModel.swift; sourceTree = "<group>"; };
		C942DC391FCECA96000D48C6 /* RepositoryFactory.swift */ = {isa = PBXFileReference; lastKnownFileType = sourcecode.swift; path = RepositoryFactory.swift; sourceTree = "<group>"; };
		C942DC3B1FCECAAF000D48C6 /* RepositoryProtocol.swift */ = {isa = PBXFileReference; lastKnownFileType = sourcecode.swift; path = RepositoryProtocol.swift; sourceTree = "<group>"; };
		C942DC3E1FCECB54000D48C6 /* Configuration.swift */ = {isa = PBXFileReference; lastKnownFileType = sourcecode.swift; path = Configuration.swift; sourceTree = "<group>"; };
		C942DC401FCED0F0000D48C6 /* RepositoryMock.swift */ = {isa = PBXFileReference; lastKnownFileType = sourcecode.swift; path = RepositoryMock.swift; sourceTree = "<group>"; };
		C942DC421FCED114000D48C6 /* Repository.swift */ = {isa = PBXFileReference; lastKnownFileType = sourcecode.swift; path = Repository.swift; sourceTree = "<group>"; };
		C942DC461FCEF501000D48C6 /* ServiceError.swift */ = {isa = PBXFileReference; lastKnownFileType = sourcecode.swift; path = ServiceError.swift; sourceTree = "<group>"; };
		C942DC491FCEFFA9000D48C6 /* PhotoViewModel.swift */ = {isa = PBXFileReference; lastKnownFileType = sourcecode.swift; path = PhotoViewModel.swift; sourceTree = "<group>"; };
		C942DC4B1FCF0268000D48C6 /* PhotosContainerViewModel.swift */ = {isa = PBXFileReference; lastKnownFileType = sourcecode.swift; path = PhotosContainerViewModel.swift; sourceTree = "<group>"; };
		C9F2647B1FCF1D8A0038582F /* UIImageView+Extension.swift */ = {isa = PBXFileReference; lastKnownFileType = sourcecode.swift; path = "UIImageView+Extension.swift"; sourceTree = "<group>"; };
/* End PBXFileReference section */

/* Begin PBXFrameworksBuildPhase section */
		C942DBCD1FCD7599000D48C6 /* Frameworks */ = {
			isa = PBXFrameworksBuildPhase;
			buildActionMask = 2147483647;
			files = (
			);
			runOnlyForDeploymentPostprocessing = 0;
		};
/* End PBXFrameworksBuildPhase section */

/* Begin PBXGroup section */
		C91EB1F71FD4231F00F1B53B /* View */ = {
			isa = PBXGroup;
			children = (
				C91EB1F91FD4233B00F1B53B /* PhotoDetailViewController.swift */,
			);
			path = View;
			sourceTree = "<group>";
		};
		C91EB1F81FD4232600F1B53B /* Controller */ = {
			isa = PBXGroup;
			children = (
				C91EB1FB1FD4237000F1B53B /* PhotoDetailController.swift */,
			);
			path = Controller;
			sourceTree = "<group>";
		};
		C923CDAB1FD6934E00BA9BBC /* Resources */ = {
			isa = PBXGroup;
			children = (
				C923CDB21FD69F8400BA9BBC /* Fonts */,
				C923CDAC1FD6936C00BA9BBC /* Localizable.strings */,
			);
			path = Resources;
			sourceTree = "<group>";
		};
		C923CDB21FD69F8400BA9BBC /* Fonts */ = {
			isa = PBXGroup;
			children = (
				C923CDB31FD69F8400BA9BBC /* ProximaNova-Bold.otf */,
				C923CDB41FD69F8400BA9BBC /* ProximaNova-Light.otf */,
				C923CDB51FD69F8400BA9BBC /* ProximaNova-Regular.otf */,
				C923CDB61FD69F8400BA9BBC /* ProximaNova-Semibold.otf */,
			);
			path = Fonts;
			sourceTree = "<group>";
		};
		C942DBC71FCD7599000D48C6 = {
			isa = PBXGroup;
			children = (
				C923CDA71FD5C20000BA9BBC /* Keys.plist */,
				C942DBD21FCD7599000D48C6 /* PhotoFinder */,
				C942DBD11FCD7599000D48C6 /* Products */,
			);
			sourceTree = "<group>";
		};
		C942DBD11FCD7599000D48C6 /* Products */ = {
			isa = PBXGroup;
			children = (
				C942DBD01FCD7599000D48C6 /* PhotoFinder.app */,
			);
			name = Products;
			sourceTree = "<group>";
		};
		C942DBD21FCD7599000D48C6 /* PhotoFinder */ = {
			isa = PBXGroup;
			children = (
				C923CDAB1FD6934E00BA9BBC /* Resources */,
				C9F2647A1FCF1D6F0038582F /* Extensions */,
				C942DC481FCEFF9C000D48C6 /* ViewModel */,
				C942DC451FCEF4F6000D48C6 /* Model */,
				C942DC3D1FCECB4A000D48C6 /* Utils */,
				C942DC2A1FCEB6F9000D48C6 /* APIs */,
				C942DBEF1FCD77DE000D48C6 /* Modules */,
				C942DBD31FCD7599000D48C6 /* AppDelegate.swift */,
				C942DBD71FCD7599000D48C6 /* Main.storyboard */,
				C942DBDD1FCD7599000D48C6 /* Assets.xcassets */,
				C942DBDF1FCD7599000D48C6 /* LaunchScreen.storyboard */,
				C942DBE21FCD7599000D48C6 /* Info.plist */,
				C942DBDA1FCD7599000D48C6 /* PhotoFinder.xcdatamodeld */,
			);
			path = PhotoFinder;
			sourceTree = "<group>";
		};
		C942DBE81FCD76C0000D48C6 /* PhotosList */ = {
			isa = PBXGroup;
			children = (
				C942DBEE1FCD77C3000D48C6 /* Controller */,
				C942DBED1FCD77BE000D48C6 /* View */,
			);
			path = PhotosList;
			sourceTree = "<group>";
		};
		C942DBE91FCD76D2000D48C6 /* PhotoDetail */ = {
			isa = PBXGroup;
			children = (
				C91EB1F81FD4232600F1B53B /* Controller */,
				C91EB1F71FD4231F00F1B53B /* View */,
			);
			path = PhotoDetail;
			sourceTree = "<group>";
		};
		C942DBED1FCD77BE000D48C6 /* View */ = {
			isa = PBXGroup;
			children = (
				C942DBEA1FCD7706000D48C6 /* PhotosListViewController.swift */,
				C942DBF21FCDA4CE000D48C6 /* ImageCollectionViewCell.swift */,
			);
			path = View;
			sourceTree = "<group>";
		};
		C942DBEE1FCD77C3000D48C6 /* Controller */ = {
			isa = PBXGroup;
			children = (
				C942DBF01FCD7849000D48C6 /* PhotosListController.swift */,
			);
			path = Controller;
			sourceTree = "<group>";
		};
		C942DBEF1FCD77DE000D48C6 /* Modules */ = {
			isa = PBXGroup;
			children = (
				C942DBE91FCD76D2000D48C6 /* PhotoDetail */,
				C942DBE81FCD76C0000D48C6 /* PhotosList */,
			);
			path = Modules;
			sourceTree = "<group>";
		};
		C942DC2A1FCEB6F9000D48C6 /* APIs */ = {
			isa = PBXGroup;
			children = (
				C942DC2B1FCEB707000D48C6 /* Repository */,
			);
			path = APIs;
			sourceTree = "<group>";
		};
		C942DC2B1FCEB707000D48C6 /* Repository */ = {
			isa = PBXGroup;
			children = (
				C942DC2C1FCEB714000D48C6 /* Network */,
				C942DC391FCECA96000D48C6 /* RepositoryFactory.swift */,
				C942DC3B1FCECAAF000D48C6 /* RepositoryProtocol.swift */,
				C942DC401FCED0F0000D48C6 /* RepositoryMock.swift */,
				C942DC421FCED114000D48C6 /* Repository.swift */,
			);
			path = Repository;
			sourceTree = "<group>";
		};
		C942DC2C1FCEB714000D48C6 /* Network */ = {
			isa = PBXGroup;
			children = (
				C942DC341FCEBD4F000D48C6 /* JSONs */,
				C942DC2D1FCEB720000D48C6 /* ResponseModel */,
				C91EB1FD1FD5969800F1B53B /* Task.swift */,
				C91EB1FF1FD5A00E00F1B53B /* Session.swift */,
			);
			path = Network;
			sourceTree = "<group>";
		};
		C942DC2D1FCEB720000D48C6 /* ResponseModel */ = {
			isa = PBXGroup;
			children = (
				C942DC2E1FCEB748000D48C6 /* PhotoResponseModel.swift */,
				C942DC301FCEB9A7000D48C6 /* UserResponseModel.swift */,
				C942DC321FCEBA46000D48C6 /* PhotoUrlResponseModel.swift */,
				C942DC371FCEC8BC000D48C6 /* PhotosContainerResponseModel.swift */,
			);
			path = ResponseModel;
			sourceTree = "<group>";
		};
		C942DC341FCEBD4F000D48C6 /* JSONs */ = {
			isa = PBXGroup;
			children = (
				C923CDB01FD6976700BA9BBC /* GetPopularPhotos.json */,
				C942DC351FCEBDCD000D48C6 /* GetPhotosByKeyword.json */,
			);
			path = JSONs;
			sourceTree = "<group>";
		};
		C942DC3D1FCECB4A000D48C6 /* Utils */ = {
			isa = PBXGroup;
			children = (
				C942DC3E1FCECB54000D48C6 /* Configuration.swift */,
				C923CDA91FD5C27E00BA9BBC /* APIKeys.swift */,
				C923CDBB1FD6A03500BA9BBC /* Components.swift */,
			);
			path = Utils;
			sourceTree = "<group>";
		};
		C942DC451FCEF4F6000D48C6 /* Model */ = {
			isa = PBXGroup;
			children = (
				C942DC461FCEF501000D48C6 /* ServiceError.swift */,
				C91EB2011FD5A17000F1B53B /* Result.swift */,
			);
			path = Model;
			sourceTree = "<group>";
		};
		C942DC481FCEFF9C000D48C6 /* ViewModel */ = {
			isa = PBXGroup;
			children = (
				C942DC491FCEFFA9000D48C6 /* PhotoViewModel.swift */,
				C942DC4B1FCF0268000D48C6 /* PhotosContainerViewModel.swift */,
			);
			path = ViewModel;
			sourceTree = "<group>";
		};
		C9F2647A1FCF1D6F0038582F /* Extensions */ = {
			isa = PBXGroup;
			children = (
				C9F2647B1FCF1D8A0038582F /* UIImageView+Extension.swift */,
				C923CDAE1FD6944100BA9BBC /* String+Extension.swift */,
			);
			path = Extensions;
			sourceTree = "<group>";
		};
/* End PBXGroup section */

/* Begin PBXNativeTarget section */
		C942DBCF1FCD7599000D48C6 /* PhotoFinder */ = {
			isa = PBXNativeTarget;
			buildConfigurationList = C942DBE51FCD7599000D48C6 /* Build configuration list for PBXNativeTarget "PhotoFinder" */;
			buildPhases = (
				C942DBCC1FCD7599000D48C6 /* Sources */,
				C942DBCD1FCD7599000D48C6 /* Frameworks */,
				C942DBCE1FCD7599000D48C6 /* Resources */,
			);
			buildRules = (
			);
			dependencies = (
			);
			name = PhotoFinder;
			productName = PhotoFinder;
			productReference = C942DBD01FCD7599000D48C6 /* PhotoFinder.app */;
			productType = "com.apple.product-type.application";
		};
/* End PBXNativeTarget section */

/* Begin PBXProject section */
		C942DBC81FCD7599000D48C6 /* Project object */ = {
			isa = PBXProject;
			attributes = {
				LastSwiftUpdateCheck = 0910;
				LastUpgradeCheck = 0910;
				ORGANIZATIONNAME = "Martin Balbas, Juan Santiago (Cognizant)";
				TargetAttributes = {
					C942DBCF1FCD7599000D48C6 = {
						CreatedOnToolsVersion = 9.1;
						ProvisioningStyle = Automatic;
					};
				};
			};
			buildConfigurationList = C942DBCB1FCD7599000D48C6 /* Build configuration list for PBXProject "PhotoFinder" */;
			compatibilityVersion = "Xcode 8.0";
			developmentRegion = en;
			hasScannedForEncodings = 0;
			knownRegions = (
				en,
				Base,
			);
			mainGroup = C942DBC71FCD7599000D48C6;
			productRefGroup = C942DBD11FCD7599000D48C6 /* Products */;
			projectDirPath = "";
			projectRoot = "";
			targets = (
				C942DBCF1FCD7599000D48C6 /* PhotoFinder */,
			);
		};
/* End PBXProject section */

/* Begin PBXResourcesBuildPhase section */
		C942DBCE1FCD7599000D48C6 /* Resources */ = {
			isa = PBXResourcesBuildPhase;
			buildActionMask = 2147483647;
			files = (
				C942DBE11FCD7599000D48C6 /* LaunchScreen.storyboard in Resources */,
				C923CDB91FD69F8500BA9BBC /* ProximaNova-Regular.otf in Resources */,
				C923CDB11FD6976700BA9BBC /* GetPopularPhotos.json in Resources */,
				C923CDAD1FD6936C00BA9BBC /* Localizable.strings in Resources */,
				C942DBDE1FCD7599000D48C6 /* Assets.xcassets in Resources */,
				C923CDBA1FD69F8500BA9BBC /* ProximaNova-Semibold.otf in Resources */,
				C942DC361FCEBDCD000D48C6 /* GetPhotosByKeyword.json in Resources */,
				C923CDB81FD69F8500BA9BBC /* ProximaNova-Light.otf in Resources */,
				C923CDB71FD69F8500BA9BBC /* ProximaNova-Bold.otf in Resources */,
				C942DBD91FCD7599000D48C6 /* Main.storyboard in Resources */,
				C923CDA81FD5C20000BA9BBC /* Keys.plist in Resources */,
			);
			runOnlyForDeploymentPostprocessing = 0;
		};
/* End PBXResourcesBuildPhase section */

/* Begin PBXSourcesBuildPhase section */
		C942DBCC1FCD7599000D48C6 /* Sources */ = {
			isa = PBXSourcesBuildPhase;
			buildActionMask = 2147483647;
			files = (
				C942DBF31FCDA4CE000D48C6 /* ImageCollectionViewCell.swift in Sources */,
				C91EB1FA1FD4233B00F1B53B /* PhotoDetailViewController.swift in Sources */,
				C942DC3A1FCECA96000D48C6 /* RepositoryFactory.swift in Sources */,
				C942DC431FCED114000D48C6 /* Repository.swift in Sources */,
				C942DC331FCEBA46000D48C6 /* PhotoUrlResponseModel.swift in Sources */,
				C942DBF11FCD7849000D48C6 /* PhotosListController.swift in Sources */,
				C923CDAA1FD5C27E00BA9BBC /* APIKeys.swift in Sources */,
				C942DC3C1FCECAAF000D48C6 /* RepositoryProtocol.swift in Sources */,
				C923CDAF1FD6944100BA9BBC /* String+Extension.swift in Sources */,
				C91EB1FC1FD4237000F1B53B /* PhotoDetailController.swift in Sources */,
				C942DBEB1FCD7706000D48C6 /* PhotosListViewController.swift in Sources */,
				C942DC471FCEF501000D48C6 /* ServiceError.swift in Sources */,
				C942DC3F1FCECB54000D48C6 /* Configuration.swift in Sources */,
				C923CDBC1FD6A03500BA9BBC /* Components.swift in Sources */,
				C942DC4A1FCEFFA9000D48C6 /* PhotoViewModel.swift in Sources */,
				C942DBDC1FCD7599000D48C6 /* PhotoFinder.xcdatamodeld in Sources */,
				C91EB2021FD5A17000F1B53B /* Result.swift in Sources */,
				C942DC311FCEB9A7000D48C6 /* UserResponseModel.swift in Sources */,
				C9F2647C1FCF1D8A0038582F /* UIImageView+Extension.swift in Sources */,
				C942DC2F1FCEB748000D48C6 /* PhotoResponseModel.swift in Sources */,
				C942DC411FCED0F0000D48C6 /* RepositoryMock.swift in Sources */,
				C942DC4C1FCF0268000D48C6 /* PhotosContainerViewModel.swift in Sources */,
				C91EB2001FD5A00E00F1B53B /* Session.swift in Sources */,
				C942DBD41FCD7599000D48C6 /* AppDelegate.swift in Sources */,
				C91EB1FE1FD5969800F1B53B /* Task.swift in Sources */,
				C942DC381FCEC8BC000D48C6 /* PhotosContainerResponseModel.swift in Sources */,
			);
			runOnlyForDeploymentPostprocessing = 0;
		};
/* End PBXSourcesBuildPhase section */

/* Begin PBXVariantGroup section */
		C942DBD71FCD7599000D48C6 /* Main.storyboard */ = {
			isa = PBXVariantGroup;
			children = (
				C942DBD81FCD7599000D48C6 /* Base */,
			);
			name = Main.storyboard;
			sourceTree = "<group>";
		};
		C942DBDF1FCD7599000D48C6 /* LaunchScreen.storyboard */ = {
			isa = PBXVariantGroup;
			children = (
				C942DBE01FCD7599000D48C6 /* Base */,
			);
			name = LaunchScreen.storyboard;
			sourceTree = "<group>";
		};
/* End PBXVariantGroup section */

/* Begin XCBuildConfiguration section */
		C942DBE31FCD7599000D48C6 /* Debug */ = {
			isa = XCBuildConfiguration;
			buildSettings = {
				ALWAYS_SEARCH_USER_PATHS = NO;
				CLANG_ANALYZER_NONNULL = YES;
				CLANG_ANALYZER_NUMBER_OBJECT_CONVERSION = YES_AGGRESSIVE;
				CLANG_CXX_LANGUAGE_STANDARD = "gnu++14";
				CLANG_CXX_LIBRARY = "libc++";
				CLANG_ENABLE_MODULES = YES;
				CLANG_ENABLE_OBJC_ARC = YES;
				CLANG_WARN_BLOCK_CAPTURE_AUTORELEASING = YES;
				CLANG_WARN_BOOL_CONVERSION = YES;
				CLANG_WARN_COMMA = YES;
				CLANG_WARN_CONSTANT_CONVERSION = YES;
				CLANG_WARN_DIRECT_OBJC_ISA_USAGE = YES_ERROR;
				CLANG_WARN_DOCUMENTATION_COMMENTS = YES;
				CLANG_WARN_EMPTY_BODY = YES;
				CLANG_WARN_ENUM_CONVERSION = YES;
				CLANG_WARN_INFINITE_RECURSION = YES;
				CLANG_WARN_INT_CONVERSION = YES;
				CLANG_WARN_NON_LITERAL_NULL_CONVERSION = YES;
				CLANG_WARN_OBJC_LITERAL_CONVERSION = YES;
				CLANG_WARN_OBJC_ROOT_CLASS = YES_ERROR;
				CLANG_WARN_RANGE_LOOP_ANALYSIS = YES;
				CLANG_WARN_STRICT_PROTOTYPES = YES;
				CLANG_WARN_SUSPICIOUS_MOVE = YES;
				CLANG_WARN_UNGUARDED_AVAILABILITY = YES_AGGRESSIVE;
				CLANG_WARN_UNREACHABLE_CODE = YES;
				CLANG_WARN__DUPLICATE_METHOD_MATCH = YES;
				CODE_SIGN_IDENTITY = "iPhone Developer";
				COPY_PHASE_STRIP = NO;
				DEBUG_INFORMATION_FORMAT = dwarf;
				ENABLE_STRICT_OBJC_MSGSEND = YES;
				ENABLE_TESTABILITY = YES;
				GCC_C_LANGUAGE_STANDARD = gnu11;
				GCC_DYNAMIC_NO_PIC = NO;
				GCC_NO_COMMON_BLOCKS = YES;
				GCC_OPTIMIZATION_LEVEL = 0;
				GCC_PREPROCESSOR_DEFINITIONS = (
					"DEBUG=1",
					"$(inherited)",
				);
				GCC_WARN_64_TO_32_BIT_CONVERSION = YES;
				GCC_WARN_ABOUT_RETURN_TYPE = YES_ERROR;
				GCC_WARN_UNDECLARED_SELECTOR = YES;
				GCC_WARN_UNINITIALIZED_AUTOS = YES_AGGRESSIVE;
				GCC_WARN_UNUSED_FUNCTION = YES;
				GCC_WARN_UNUSED_VARIABLE = YES;
				IPHONEOS_DEPLOYMENT_TARGET = 11.1;
				MTL_ENABLE_DEBUG_INFO = YES;
				ONLY_ACTIVE_ARCH = YES;
				SDKROOT = iphoneos;
				SWIFT_ACTIVE_COMPILATION_CONDITIONS = DEBUG;
				SWIFT_OPTIMIZATION_LEVEL = "-Onone";
			};
			name = Debug;
		};
		C942DBE41FCD7599000D48C6 /* Release */ = {
			isa = XCBuildConfiguration;
			buildSettings = {
				ALWAYS_SEARCH_USER_PATHS = NO;
				CLANG_ANALYZER_NONNULL = YES;
				CLANG_ANALYZER_NUMBER_OBJECT_CONVERSION = YES_AGGRESSIVE;
				CLANG_CXX_LANGUAGE_STANDARD = "gnu++14";
				CLANG_CXX_LIBRARY = "libc++";
				CLANG_ENABLE_MODULES = YES;
				CLANG_ENABLE_OBJC_ARC = YES;
				CLANG_WARN_BLOCK_CAPTURE_AUTORELEASING = YES;
				CLANG_WARN_BOOL_CONVERSION = YES;
				CLANG_WARN_COMMA = YES;
				CLANG_WARN_CONSTANT_CONVERSION = YES;
				CLANG_WARN_DIRECT_OBJC_ISA_USAGE = YES_ERROR;
				CLANG_WARN_DOCUMENTATION_COMMENTS = YES;
				CLANG_WARN_EMPTY_BODY = YES;
				CLANG_WARN_ENUM_CONVERSION = YES;
				CLANG_WARN_INFINITE_RECURSION = YES;
				CLANG_WARN_INT_CONVERSION = YES;
				CLANG_WARN_NON_LITERAL_NULL_CONVERSION = YES;
				CLANG_WARN_OBJC_LITERAL_CONVERSION = YES;
				CLANG_WARN_OBJC_ROOT_CLASS = YES_ERROR;
				CLANG_WARN_RANGE_LOOP_ANALYSIS = YES;
				CLANG_WARN_STRICT_PROTOTYPES = YES;
				CLANG_WARN_SUSPICIOUS_MOVE = YES;
				CLANG_WARN_UNGUARDED_AVAILABILITY = YES_AGGRESSIVE;
				CLANG_WARN_UNREACHABLE_CODE = YES;
				CLANG_WARN__DUPLICATE_METHOD_MATCH = YES;
				CODE_SIGN_IDENTITY = "iPhone Developer";
				COPY_PHASE_STRIP = NO;
				DEBUG_INFORMATION_FORMAT = "dwarf-with-dsym";
				ENABLE_NS_ASSERTIONS = NO;
				ENABLE_STRICT_OBJC_MSGSEND = YES;
				GCC_C_LANGUAGE_STANDARD = gnu11;
				GCC_NO_COMMON_BLOCKS = YES;
				GCC_WARN_64_TO_32_BIT_CONVERSION = YES;
				GCC_WARN_ABOUT_RETURN_TYPE = YES_ERROR;
				GCC_WARN_UNDECLARED_SELECTOR = YES;
				GCC_WARN_UNINITIALIZED_AUTOS = YES_AGGRESSIVE;
				GCC_WARN_UNUSED_FUNCTION = YES;
				GCC_WARN_UNUSED_VARIABLE = YES;
				IPHONEOS_DEPLOYMENT_TARGET = 11.1;
				MTL_ENABLE_DEBUG_INFO = NO;
				SDKROOT = iphoneos;
				SWIFT_OPTIMIZATION_LEVEL = "-Owholemodule";
				VALIDATE_PRODUCT = YES;
			};
			name = Release;
		};
		C942DBE61FCD7599000D48C6 /* Debug */ = {
			isa = XCBuildConfiguration;
			buildSettings = {
				ASSETCATALOG_COMPILER_APPICON_NAME = AppIcon;
				CODE_SIGN_STYLE = Automatic;
				DEVELOPMENT_TEAM = 4L6UTSMVEJ;
				INFOPLIST_FILE = PhotoFinder/Info.plist;
				LD_RUNPATH_SEARCH_PATHS = "$(inherited) @executable_path/Frameworks";
				PRODUCT_BUNDLE_IDENTIFIER = com.juansantiagomartinbalbas.PhotoFinder;
				PRODUCT_NAME = "$(TARGET_NAME)";
				SWIFT_VERSION = 4.0;
				TARGETED_DEVICE_FAMILY = "1,2";
			};
			name = Debug;
		};
		C942DBE71FCD7599000D48C6 /* Release */ = {
			isa = XCBuildConfiguration;
			buildSettings = {
				ASSETCATALOG_COMPILER_APPICON_NAME = AppIcon;
				CODE_SIGN_STYLE = Automatic;
				DEVELOPMENT_TEAM = 4L6UTSMVEJ;
				INFOPLIST_FILE = PhotoFinder/Info.plist;
				LD_RUNPATH_SEARCH_PATHS = "$(inherited) @executable_path/Frameworks";
				PRODUCT_BUNDLE_IDENTIFIER = com.juansantiagomartinbalbas.PhotoFinder;
				PRODUCT_NAME = "$(TARGET_NAME)";
				SWIFT_VERSION = 4.0;
				TARGETED_DEVICE_FAMILY = "1,2";
			};
			name = Release;
		};
/* End XCBuildConfiguration section */

/* Begin XCConfigurationList section */
		C942DBCB1FCD7599000D48C6 /* Build configuration list for PBXProject "PhotoFinder" */ = {
			isa = XCConfigurationList;
			buildConfigurations = (
				C942DBE31FCD7599000D48C6 /* Debug */,
				C942DBE41FCD7599000D48C6 /* Release */,
			);
			defaultConfigurationIsVisible = 0;
			defaultConfigurationName = Release;
		};
		C942DBE51FCD7599000D48C6 /* Build configuration list for PBXNativeTarget "PhotoFinder" */ = {
			isa = XCConfigurationList;
			buildConfigurations = (
				C942DBE61FCD7599000D48C6 /* Debug */,
				C942DBE71FCD7599000D48C6 /* Release */,
			);
			defaultConfigurationIsVisible = 0;
			defaultConfigurationName = Release;
		};
/* End XCConfigurationList section */

/* Begin XCVersionGroup section */
		C942DBDA1FCD7599000D48C6 /* PhotoFinder.xcdatamodeld */ = {
			isa = XCVersionGroup;
			children = (
				C942DBDB1FCD7599000D48C6 /* PhotoFinder.xcdatamodel */,
			);
			currentVersion = C942DBDB1FCD7599000D48C6 /* PhotoFinder.xcdatamodel */;
			path = PhotoFinder.xcdatamodeld;
			sourceTree = "<group>";
			versionGroupType = wrapper.xcdatamodel;
		};
/* End XCVersionGroup section */
	};
	rootObject = C942DBC81FCD7599000D48C6 /* Project object */;
}
