// !$*UTF8*$!
{
	archiveVersion = 1;
	classes = {
	};
	objectVersion = 48;
	objects = {

/* Begin PBXBuildFile section */
		C942DBD41FCD7599000D48C6 /* AppDelegate.swift in Sources */ = {isa = PBXBuildFile; fileRef = C942DBD31FCD7599000D48C6 /* AppDelegate.swift */; };
		C942DBD61FCD7599000D48C6 /* ViewController.swift in Sources */ = {isa = PBXBuildFile; fileRef = C942DBD51FCD7599000D48C6 /* ViewController.swift */; };
		C942DBD91FCD7599000D48C6 /* Main.storyboard in Resources */ = {isa = PBXBuildFile; fileRef = C942DBD71FCD7599000D48C6 /* Main.storyboard */; };
		C942DBDC1FCD7599000D48C6 /* PhotoFinder.xcdatamodeld in Sources */ = {isa = PBXBuildFile; fileRef = C942DBDA1FCD7599000D48C6 /* PhotoFinder.xcdatamodeld */; };
		C942DBDE1FCD7599000D48C6 /* Assets.xcassets in Resources */ = {isa = PBXBuildFile; fileRef = C942DBDD1FCD7599000D48C6 /* Assets.xcassets */; };
		C942DBE11FCD7599000D48C6 /* LaunchScreen.storyboard in Resources */ = {isa = PBXBuildFile; fileRef = C942DBDF1FCD7599000D48C6 /* LaunchScreen.storyboard */; };
		C942DBEB1FCD7706000D48C6 /* PhotosListViewController.swift in Sources */ = {isa = PBXBuildFile; fileRef = C942DBEA1FCD7706000D48C6 /* PhotosListViewController.swift */; };
		C942DBF11FCD7849000D48C6 /* PhotosListController.swift in Sources */ = {isa = PBXBuildFile; fileRef = C942DBF01FCD7849000D48C6 /* PhotosListController.swift */; };
		C942DBF31FCDA4CE000D48C6 /* ImageCollectionViewCell.swift in Sources */ = {isa = PBXBuildFile; fileRef = C942DBF21FCDA4CE000D48C6 /* ImageCollectionViewCell.swift */; };
		C942DC2F1FCEB748000D48C6 /* PhotoResponseModel.swift in Sources */ = {isa = PBXBuildFile; fileRef = C942DC2E1FCEB748000D48C6 /* PhotoResponseModel.swift */; };
		C942DC311FCEB9A7000D48C6 /* UserResponseModel.swift in Sources */ = {isa = PBXBuildFile; fileRef = C942DC301FCEB9A7000D48C6 /* UserResponseModel.swift */; };
		C942DC331FCEBA46000D48C6 /* PhotoUrlResponseModel.swift in Sources */ = {isa = PBXBuildFile; fileRef = C942DC321FCEBA46000D48C6 /* PhotoUrlResponseModel.swift */; };
		C942DC361FCEBDCD000D48C6 /* GetPhotosByKeyword.json in Resources */ = {isa = PBXBuildFile; fileRef = C942DC351FCEBDCD000D48C6 /* GetPhotosByKeyword.json */; };
		C942DC381FCEC8BC000D48C6 /* PhotosContainerResponseModel.swift in Sources */ = {isa = PBXBuildFile; fileRef = C942DC371FCEC8BC000D48C6 /* PhotosContainerResponseModel.swift */; };
		C942DC3F1FCECB54000D48C6 /* Configuration.swift in Sources */ = {isa = PBXBuildFile; fileRef = C942DC3E1FCECB54000D48C6 /* Configuration.swift */; };
/* End PBXBuildFile section */

/* Begin PBXFileReference section */
		C942DBD01FCD7599000D48C6 /* PhotoFinder.app */ = {isa = PBXFileReference; explicitFileType = wrapper.application; includeInIndex = 0; path = PhotoFinder.app; sourceTree = BUILT_PRODUCTS_DIR; };
		C942DBD31FCD7599000D48C6 /* AppDelegate.swift */ = {isa = PBXFileReference; lastKnownFileType = sourcecode.swift; path = AppDelegate.swift; sourceTree = "<group>"; };
		C942DBD51FCD7599000D48C6 /* ViewController.swift */ = {isa = PBXFileReference; lastKnownFileType = sourcecode.swift; path = ViewController.swift; sourceTree = "<group>"; };
		C942DBD81FCD7599000D48C6 /* Base */ = {isa = PBXFileReference; lastKnownFileType = file.storyboard; name = Base; path = Base.lproj/Main.storyboard; sourceTree = "<group>"; };
		C942DBDB1FCD7599000D48C6 /* PhotoFinder.xcdatamodel */ = {isa = PBXFileReference; lastKnownFileType = wrapper.xcdatamodel; path = PhotoFinder.xcdatamodel; sourceTree = "<group>"; };
		C942DBDD1FCD7599000D48C6 /* Assets.xcassets */ = {isa = PBXFileReference; lastKnownFileType = folder.assetcatalog; path = Assets.xcassets; sourceTree = "<group>"; };
		C942DBE01FCD7599000D48C6 /* Base */ = {isa = PBXFileReference; lastKnownFileType = file.storyboard; name = Base; path = Base.lproj/LaunchScreen.storyboard; sourceTree = "<group>"; };
		C942DBE21FCD7599000D48C6 /* Info.plist */ = {isa = PBXFileReference; lastKnownFileType = text.plist.xml; path = Info.plist; sourceTree = "<group>"; };
		C942DBEA1FCD7706000D48C6 /* PhotosListViewController.swift */ = {isa = PBXFileReference; lastKnownFileType = sourcecode.swift; path = PhotosListViewController.swift; sourceTree = "<group>"; };
		C942DBF01FCD7849000D48C6 /* PhotosListController.swift */ = {isa = PBXFileReference; lastKnownFileType = sourcecode.swift; path = PhotosListController.swift; sourceTree = "<group>"; };
		C942DBF21FCDA4CE000D48C6 /* ImageCollectionViewCell.swift */ = {isa = PBXFileReference; lastKnownFileType = sourcecode.swift; path = ImageCollectionViewCell.swift; sourceTree = "<group>"; };
		C942DC2E1FCEB748000D48C6 /* PhotoResponseModel.swift */ = {isa = PBXFileReference; lastKnownFileType = sourcecode.swift; path = PhotoResponseModel.swift; sourceTree = "<group>"; };
		C942DC301FCEB9A7000D48C6 /* UserResponseModel.swift */ = {isa = PBXFileReference; lastKnownFileType = sourcecode.swift; path = UserResponseModel.swift; sourceTree = "<group>"; };
		C942DC321FCEBA46000D48C6 /* PhotoUrlResponseModel.swift */ = {isa = PBXFileReference; lastKnownFileType = sourcecode.swift; path = PhotoUrlResponseModel.swift; sourceTree = "<group>"; };
		C942DC351FCEBDCD000D48C6 /* GetPhotosByKeyword.json */ = {isa = PBXFileReference; fileEncoding = 4; lastKnownFileType = text.json; path = GetPhotosByKeyword.json; sourceTree = "<group>"; };
		C942DC371FCEC8BC000D48C6 /* PhotosContainerResponseModel.swift */ = {isa = PBXFileReference; lastKnownFileType = sourcecode.swift; path = PhotosContainerResponseModel.swift; sourceTree = "<group>"; };
		C942DC3E1FCECB54000D48C6 /* Configuration.swift */ = {isa = PBXFileReference; lastKnownFileType = sourcecode.swift; path = Configuration.swift; sourceTree = "<group>"; };
/* End PBXFileReference section */

/* Begin PBXFrameworksBuildPhase section */
		C942DBCD1FCD7599000D48C6 /* Frameworks */ = {
			isa = PBXFrameworksBuildPhase;
			buildActionMask = 2147483647;
			files = (
			);
			runOnlyForDeploymentPostprocessing = 0;
		};
/* End PBXFrameworksBuildPhase section */

/* Begin PBXGroup section */
		C942DBC71FCD7599000D48C6 = {
			isa = PBXGroup;
			children = (
				C942DBD21FCD7599000D48C6 /* PhotoFinder */,
				C942DBD11FCD7599000D48C6 /* Products */,
			);
			sourceTree = "<group>";
		};
		C942DBD11FCD7599000D48C6 /* Products */ = {
			isa = PBXGroup;
			children = (
				C942DBD01FCD7599000D48C6 /* PhotoFinder.app */,
			);
			name = Products;
			sourceTree = "<group>";
		};
		C942DBD21FCD7599000D48C6 /* PhotoFinder */ = {
			isa = PBXGroup;
			children = (
				C942DC451FCEF4F6000D48C6 /* Model */,
				C942DC3D1FCECB4A000D48C6 /* Utils */,
				C942DC2A1FCEB6F9000D48C6 /* APIs */,
				C942DBEF1FCD77DE000D48C6 /* Modules */,
				C942DBD31FCD7599000D48C6 /* AppDelegate.swift */,
				C942DBD51FCD7599000D48C6 /* ViewController.swift */,
				C942DBD71FCD7599000D48C6 /* Main.storyboard */,
				C942DBDD1FCD7599000D48C6 /* Assets.xcassets */,
				C942DBDF1FCD7599000D48C6 /* LaunchScreen.storyboard */,
				C942DBE21FCD7599000D48C6 /* Info.plist */,
				C942DBDA1FCD7599000D48C6 /* PhotoFinder.xcdatamodeld */,
			);
			path = PhotoFinder;
			sourceTree = "<group>";
		};
		C942DBE81FCD76C0000D48C6 /* PhotosList */ = {
			isa = PBXGroup;
			children = (
				C942DBEE1FCD77C3000D48C6 /* Controller */,
				C942DBED1FCD77BE000D48C6 /* View */,
				C942DBEC1FCD77B4000D48C6 /* Model */,
			);
			path = PhotosList;
			sourceTree = "<group>";
		};
		C942DBE91FCD76D2000D48C6 /* PhotoDetail */ = {
			isa = PBXGroup;
			children = (
			);
			path = PhotoDetail;
			sourceTree = "<group>";
		};
		C942DBEC1FCD77B4000D48C6 /* Model */ = {
			isa = PBXGroup;
			children = (
			);
			path = Model;
			sourceTree = "<group>";
		};
		C942DBED1FCD77BE000D48C6 /* View */ = {
			isa = PBXGroup;
			children = (
				C942DBEA1FCD7706000D48C6 /* PhotosListViewController.swift */,
				C942DBF21FCDA4CE000D48C6 /* ImageCollectionViewCell.swift */,
			);
			path = View;
			sourceTree = "<group>";
		};
		C942DBEE1FCD77C3000D48C6 /* Controller */ = {
			isa = PBXGroup;
			children = (
				C942DBF01FCD7849000D48C6 /* PhotosListController.swift */,
			);
			path = Controller;
			sourceTree = "<group>";
		};
		C942DBEF1FCD77DE000D48C6 /* Modules */ = {
			isa = PBXGroup;
			children = (
				C942DBE91FCD76D2000D48C6 /* PhotoDetail */,
				C942DBE81FCD76C0000D48C6 /* PhotosList */,
			);
			path = Modules;
			sourceTree = "<group>";
		};
		C942DC2A1FCEB6F9000D48C6 /* APIs */ = {
			isa = PBXGroup;
			children = (
				C942DC2B1FCEB707000D48C6 /* Repository */,
			);
			path = APIs;
			sourceTree = "<group>";
		};
		C942DC2B1FCEB707000D48C6 /* Repository */ = {
			isa = PBXGroup;
			children = (
				C942DC2C1FCEB714000D48C6 /* Network */,
			);
			path = Repository;
			sourceTree = "<group>";
		};
		C942DC2C1FCEB714000D48C6 /* Network */ = {
			isa = PBXGroup;
			children = (
				C942DC341FCEBD4F000D48C6 /* JSONs */,
				C942DC2D1FCEB720000D48C6 /* ResponseModel */,
			);
			path = Network;
			sourceTree = "<group>";
		};
		C942DC2D1FCEB720000D48C6 /* ResponseModel */ = {
			isa = PBXGroup;
			children = (
				C942DC2E1FCEB748000D48C6 /* PhotoResponseModel.swift */,
				C942DC301FCEB9A7000D48C6 /* UserResponseModel.swift */,
				C942DC321FCEBA46000D48C6 /* PhotoUrlResponseModel.swift */,
				C942DC371FCEC8BC000D48C6 /* PhotosContainerResponseModel.swift */,
			);
			path = ResponseModel;
			sourceTree = "<group>";
		};
		C942DC341FCEBD4F000D48C6 /* JSONs */ = {
			isa = PBXGroup;
			children = (
				C942DC351FCEBDCD000D48C6 /* GetPhotosByKeyword.json */,
			);
			path = JSONs;
			sourceTree = "<group>";
		};
		C942DC3D1FCECB4A000D48C6 /* Utils */ = {
			isa = PBXGroup;
			children = (
				C942DC3E1FCECB54000D48C6 /* Configuration.swift */,
			);
			path = Utils;
			sourceTree = "<group>";
		};
		C942DC451FCEF4F6000D48C6 /* Model */ = {
			isa = PBXGroup;
			children = (
			);
			path = Model;
			sourceTree = "<group>";
		};
/* End PBXGroup section */

/* Begin PBXNativeTarget section */
		C942DBCF1FCD7599000D48C6 /* PhotoFinder */ = {
			isa = PBXNativeTarget;
			buildConfigurationList = C942DBE51FCD7599000D48C6 /* Build configuration list for PBXNativeTarget "PhotoFinder" */;
			buildPhases = (
				C942DBCC1FCD7599000D48C6 /* Sources */,
				C942DBCD1FCD7599000D48C6 /* Frameworks */,
				C942DBCE1FCD7599000D48C6 /* Resources */,
			);
			buildRules = (
			);
			dependencies = (
			);
			name = PhotoFinder;
			productName = PhotoFinder;
			productReference = C942DBD01FCD7599000D48C6 /* PhotoFinder.app */;
			productType = "com.apple.product-type.application";
		};
/* End PBXNativeTarget section */

/* Begin PBXProject section */
		C942DBC81FCD7599000D48C6 /* Project object */ = {
			isa = PBXProject;
			attributes = {
				LastSwiftUpdateCheck = 0910;
				LastUpgradeCheck = 0910;
				ORGANIZATIONNAME = "Martin Balbas, Juan Santiago (Cognizant)";
				TargetAttributes = {
					C942DBCF1FCD7599000D48C6 = {
						CreatedOnToolsVersion = 9.1;
						ProvisioningStyle = Automatic;
					};
				};
			};
			buildConfigurationList = C942DBCB1FCD7599000D48C6 /* Build configuration list for PBXProject "PhotoFinder" */;
			compatibilityVersion = "Xcode 8.0";
			developmentRegion = en;
			hasScannedForEncodings = 0;
			knownRegions = (
				en,
				Base,
			);
			mainGroup = C942DBC71FCD7599000D48C6;
			productRefGroup = C942DBD11FCD7599000D48C6 /* Products */;
			projectDirPath = "";
			projectRoot = "";
			targets = (
				C942DBCF1FCD7599000D48C6 /* PhotoFinder */,
			);
		};
/* End PBXProject section */

/* Begin PBXResourcesBuildPhase section */
		C942DBCE1FCD7599000D48C6 /* Resources */ = {
			isa = PBXResourcesBuildPhase;
			buildActionMask = 2147483647;
			files = (
				C942DBE11FCD7599000D48C6 /* LaunchScreen.storyboard in Resources */,
				C942DBDE1FCD7599000D48C6 /* Assets.xcassets in Resources */,
				C942DC361FCEBDCD000D48C6 /* GetPhotosByKeyword.json in Resources */,
				C942DBD91FCD7599000D48C6 /* Main.storyboard in Resources */,
			);
			runOnlyForDeploymentPostprocessing = 0;
		};
/* End PBXResourcesBuildPhase section */

/* Begin PBXSourcesBuildPhase section */
		C942DBCC1FCD7599000D48C6 /* Sources */ = {
			isa = PBXSourcesBuildPhase;
			buildActionMask = 2147483647;
			files = (
				C942DBF31FCDA4CE000D48C6 /* ImageCollectionViewCell.swift in Sources */,
				C942DC331FCEBA46000D48C6 /* PhotoUrlResponseModel.swift in Sources */,
				C942DBD61FCD7599000D48C6 /* ViewController.swift in Sources */,
				C942DBF11FCD7849000D48C6 /* PhotosListController.swift in Sources */,
				C942DBEB1FCD7706000D48C6 /* PhotosListViewController.swift in Sources */,
				C942DC3F1FCECB54000D48C6 /* Configuration.swift in Sources */,
				C942DBDC1FCD7599000D48C6 /* PhotoFinder.xcdatamodeld in Sources */,
				C942DC311FCEB9A7000D48C6 /* UserResponseModel.swift in Sources */,
				C942DC2F1FCEB748000D48C6 /* PhotoResponseModel.swift in Sources */,
				C942DBD41FCD7599000D48C6 /* AppDelegate.swift in Sources */,
				C942DC381FCEC8BC000D48C6 /* PhotosContainerResponseModel.swift in Sources */,
			);
			runOnlyForDeploymentPostprocessing = 0;
		};
/* End PBXSourcesBuildPhase section */

/* Begin PBXVariantGroup section */
		C942DBD71FCD7599000D48C6 /* Main.storyboard */ = {
			isa = PBXVariantGroup;
			children = (
				C942DBD81FCD7599000D48C6 /* Base */,
			);
			name = Main.storyboard;
			sourceTree = "<group>";
		};
		C942DBDF1FCD7599000D48C6 /* LaunchScreen.storyboard */ = {
			isa = PBXVariantGroup;
			children = (
				C942DBE01FCD7599000D48C6 /* Base */,
			);
			name = LaunchScreen.storyboard;
			sourceTree = "<group>";
		};
/* End PBXVariantGroup section */

/* Begin XCBuildConfiguration section */
		C942DBE31FCD7599000D48C6 /* Debug */ = {
			isa = XCBuildConfiguration;
			buildSettings = {
				ALWAYS_SEARCH_USER_PATHS = NO;
				CLANG_ANALYZER_NONNULL = YES;
				CLANG_ANALYZER_NUMBER_OBJECT_CONVERSION = YES_AGGRESSIVE;
				CLANG_CXX_LANGUAGE_STANDARD = "gnu++14";
				CLANG_CXX_LIBRARY = "libc++";
				CLANG_ENABLE_MODULES = YES;
				CLANG_ENABLE_OBJC_ARC = YES;
				CLANG_WARN_BLOCK_CAPTURE_AUTORELEASING = YES;
				CLANG_WARN_BOOL_CONVERSION = YES;
				CLANG_WARN_COMMA = YES;
				CLANG_WARN_CONSTANT_CONVERSION = YES;
				CLANG_WARN_DIRECT_OBJC_ISA_USAGE = YES_ERROR;
				CLANG_WARN_DOCUMENTATION_COMMENTS = YES;
				CLANG_WARN_EMPTY_BODY = YES;
				CLANG_WARN_ENUM_CONVERSION = YES;
				CLANG_WARN_INFINITE_RECURSION = YES;
				CLANG_WARN_INT_CONVERSION = YES;
				CLANG_WARN_NON_LITERAL_NULL_CONVERSION = YES;
				CLANG_WARN_OBJC_LITERAL_CONVERSION = YES;
				CLANG_WARN_OBJC_ROOT_CLASS = YES_ERROR;
				CLANG_WARN_RANGE_LOOP_ANALYSIS = YES;
				CLANG_WARN_STRICT_PROTOTYPES = YES;
				CLANG_WARN_SUSPICIOUS_MOVE = YES;
				CLANG_WARN_UNGUARDED_AVAILABILITY = YES_AGGRESSIVE;
				CLANG_WARN_UNREACHABLE_CODE = YES;
				CLANG_WARN__DUPLICATE_METHOD_MATCH = YES;
				CODE_SIGN_IDENTITY = "iPhone Developer";
				COPY_PHASE_STRIP = NO;
				DEBUG_INFORMATION_FORMAT = dwarf;
				ENABLE_STRICT_OBJC_MSGSEND = YES;
				ENABLE_TESTABILITY = YES;
				GCC_C_LANGUAGE_STANDARD = gnu11;
				GCC_DYNAMIC_NO_PIC = NO;
				GCC_NO_COMMON_BLOCKS = YES;
				GCC_OPTIMIZATION_LEVEL = 0;
				GCC_PREPROCESSOR_DEFINITIONS = (
					"DEBUG=1",
					"$(inherited)",
				);
				GCC_WARN_64_TO_32_BIT_CONVERSION = YES;
				GCC_WARN_ABOUT_RETURN_TYPE = YES_ERROR;
				GCC_WARN_UNDECLARED_SELECTOR = YES;
				GCC_WARN_UNINITIALIZED_AUTOS = YES_AGGRESSIVE;
				GCC_WARN_UNUSED_FUNCTION = YES;
				GCC_WARN_UNUSED_VARIABLE = YES;
				IPHONEOS_DEPLOYMENT_TARGET = 11.1;
				MTL_ENABLE_DEBUG_INFO = YES;
				ONLY_ACTIVE_ARCH = YES;
				SDKROOT = iphoneos;
				SWIFT_ACTIVE_COMPILATION_CONDITIONS = DEBUG;
				SWIFT_OPTIMIZATION_LEVEL = "-Onone";
			};
			name = Debug;
		};
		C942DBE41FCD7599000D48C6 /* Release */ = {
			isa = XCBuildConfiguration;
			buildSettings = {
				ALWAYS_SEARCH_USER_PATHS = NO;
				CLANG_ANALYZER_NONNULL = YES;
				CLANG_ANALYZER_NUMBER_OBJECT_CONVERSION = YES_AGGRESSIVE;
				CLANG_CXX_LANGUAGE_STANDARD = "gnu++14";
				CLANG_CXX_LIBRARY = "libc++";
				CLANG_ENABLE_MODULES = YES;
				CLANG_ENABLE_OBJC_ARC = YES;
				CLANG_WARN_BLOCK_CAPTURE_AUTORELEASING = YES;
				CLANG_WARN_BOOL_CONVERSION = YES;
				CLANG_WARN_COMMA = YES;
				CLANG_WARN_CONSTANT_CONVERSION = YES;
				CLANG_WARN_DIRECT_OBJC_ISA_USAGE = YES_ERROR;
				CLANG_WARN_DOCUMENTATION_COMMENTS = YES;
				CLANG_WARN_EMPTY_BODY = YES;
				CLANG_WARN_ENUM_CONVERSION = YES;
				CLANG_WARN_INFINITE_RECURSION = YES;
				CLANG_WARN_INT_CONVERSION = YES;
				CLANG_WARN_NON_LITERAL_NULL_CONVERSION = YES;
				CLANG_WARN_OBJC_LITERAL_CONVERSION = YES;
				CLANG_WARN_OBJC_ROOT_CLASS = YES_ERROR;
				CLANG_WARN_RANGE_LOOP_ANALYSIS = YES;
				CLANG_WARN_STRICT_PROTOTYPES = YES;
				CLANG_WARN_SUSPICIOUS_MOVE = YES;
				CLANG_WARN_UNGUARDED_AVAILABILITY = YES_AGGRESSIVE;
				CLANG_WARN_UNREACHABLE_CODE = YES;
				CLANG_WARN__DUPLICATE_METHOD_MATCH = YES;
				CODE_SIGN_IDENTITY = "iPhone Developer";
				COPY_PHASE_STRIP = NO;
				DEBUG_INFORMATION_FORMAT = "dwarf-with-dsym";
				ENABLE_NS_ASSERTIONS = NO;
				ENABLE_STRICT_OBJC_MSGSEND = YES;
				GCC_C_LANGUAGE_STANDARD = gnu11;
				GCC_NO_COMMON_BLOCKS = YES;
				GCC_WARN_64_TO_32_BIT_CONVERSION = YES;
				GCC_WARN_ABOUT_RETURN_TYPE = YES_ERROR;
				GCC_WARN_UNDECLARED_SELECTOR = YES;
				GCC_WARN_UNINITIALIZED_AUTOS = YES_AGGRESSIVE;
				GCC_WARN_UNUSED_FUNCTION = YES;
				GCC_WARN_UNUSED_VARIABLE = YES;
				IPHONEOS_DEPLOYMENT_TARGET = 11.1;
				MTL_ENABLE_DEBUG_INFO = NO;
				SDKROOT = iphoneos;
				SWIFT_OPTIMIZATION_LEVEL = "-Owholemodule";
				VALIDATE_PRODUCT = YES;
			};
			name = Release;
		};
		C942DBE61FCD7599000D48C6 /* Debug */ = {
			isa = XCBuildConfiguration;
			buildSettings = {
				ASSETCATALOG_COMPILER_APPICON_NAME = AppIcon;
				CODE_SIGN_STYLE = Automatic;
				DEVELOPMENT_TEAM = 4L6UTSMVEJ;
				INFOPLIST_FILE = PhotoFinder/Info.plist;
				LD_RUNPATH_SEARCH_PATHS = "$(inherited) @executable_path/Frameworks";
				PRODUCT_BUNDLE_IDENTIFIER = com.juansantiagomartinbalbas.PhotoFinder;
				PRODUCT_NAME = "$(TARGET_NAME)";
				SWIFT_VERSION = 4.0;
				TARGETED_DEVICE_FAMILY = "1,2";
			};
			name = Debug;
		};
		C942DBE71FCD7599000D48C6 /* Release */ = {
			isa = XCBuildConfiguration;
			buildSettings = {
				ASSETCATALOG_COMPILER_APPICON_NAME = AppIcon;
				CODE_SIGN_STYLE = Automatic;
				DEVELOPMENT_TEAM = 4L6UTSMVEJ;
				INFOPLIST_FILE = PhotoFinder/Info.plist;
				LD_RUNPATH_SEARCH_PATHS = "$(inherited) @executable_path/Frameworks";
				PRODUCT_BUNDLE_IDENTIFIER = com.juansantiagomartinbalbas.PhotoFinder;
				PRODUCT_NAME = "$(TARGET_NAME)";
				SWIFT_VERSION = 4.0;
				TARGETED_DEVICE_FAMILY = "1,2";
			};
			name = Release;
		};
/* End XCBuildConfiguration section */

/* Begin XCConfigurationList section */
		C942DBCB1FCD7599000D48C6 /* Build configuration list for PBXProject "PhotoFinder" */ = {
			isa = XCConfigurationList;
			buildConfigurations = (
				C942DBE31FCD7599000D48C6 /* Debug */,
				C942DBE41FCD7599000D48C6 /* Release */,
			);
			defaultConfigurationIsVisible = 0;
			defaultConfigurationName = Release;
		};
		C942DBE51FCD7599000D48C6 /* Build configuration list for PBXNativeTarget "PhotoFinder" */ = {
			isa = XCConfigurationList;
			buildConfigurations = (
				C942DBE61FCD7599000D48C6 /* Debug */,
				C942DBE71FCD7599000D48C6 /* Release */,
			);
			defaultConfigurationIsVisible = 0;
			defaultConfigurationName = Release;
		};
/* End XCConfigurationList section */

/* Begin XCVersionGroup section */
		C942DBDA1FCD7599000D48C6 /* PhotoFinder.xcdatamodeld */ = {
			isa = XCVersionGroup;
			children = (
				C942DBDB1FCD7599000D48C6 /* PhotoFinder.xcdatamodel */,
			);
			currentVersion = C942DBDB1FCD7599000D48C6 /* PhotoFinder.xcdatamodel */;
			path = PhotoFinder.xcdatamodeld;
			sourceTree = "<group>";
			versionGroupType = wrapper.xcdatamodel;
		};
/* End XCVersionGroup section */
	};
	rootObject = C942DBC81FCD7599000D48C6 /* Project object */;
}
